// !$*UTF8*$!
{
	archiveVersion = 1;
	classes = {
	};
	objectVersion = 50;
	objects = {

/* Begin PBXBuildFile section */
		9C4FAAAB25AF5FEA00753948 /* AppDelegate.swift in Sources */ = {isa = PBXBuildFile; fileRef = 9C4FAAAA25AF5FEA00753948 /* AppDelegate.swift */; };
		9C4FAAAD25AF5FEA00753948 /* SceneDelegate.swift in Sources */ = {isa = PBXBuildFile; fileRef = 9C4FAAAC25AF5FEA00753948 /* SceneDelegate.swift */; };
		9C4FAAB425AF5FED00753948 /* Assets.xcassets in Resources */ = {isa = PBXBuildFile; fileRef = 9C4FAAB325AF5FED00753948 /* Assets.xcassets */; };
		9C4FAAB725AF5FED00753948 /* LaunchScreen.storyboard in Resources */ = {isa = PBXBuildFile; fileRef = 9C4FAAB525AF5FED00753948 /* LaunchScreen.storyboard */; };
		9C4FAAE725AF607C00753948 /* README.md in Resources */ = {isa = PBXBuildFile; fileRef = 9C4FAAE625AF607C00753948 /* README.md */; };
		9C4FAAEB25AF62AC00753948 /* Fixer.swift in Sources */ = {isa = PBXBuildFile; fileRef = 9C4FAAEA25AF62AC00753948 /* Fixer.swift */; };
		9C4FAB0225AF701E00753948 /* RequestManager.swift in Sources */ = {isa = PBXBuildFile; fileRef = 9C4FAB0125AF701E00753948 /* RequestManager.swift */; };
		9C6D8B0125AF82E900D1ABD6 /* CurrenciesViewController.swift in Sources */ = {isa = PBXBuildFile; fileRef = 9C6D8B0025AF82E900D1ABD6 /* CurrenciesViewController.swift */; };
		9C6D8B0525AF830D00D1ABD6 /* CurrenciesSB.storyboard in Resources */ = {isa = PBXBuildFile; fileRef = 9C6D8B0425AF830D00D1ABD6 /* CurrenciesSB.storyboard */; };
		9C6D8B0925AF836900D1ABD6 /* CurrenciesResponse.swift in Sources */ = {isa = PBXBuildFile; fileRef = 9C6D8B0825AF836900D1ABD6 /* CurrenciesResponse.swift */; };
		9C6D8B0C25AF837400D1ABD6 /* Currency.swift in Sources */ = {isa = PBXBuildFile; fileRef = 9C6D8B0B25AF837400D1ABD6 /* Currency.swift */; };
		9CA6CC9C25B16D5500CF2844 /* String+Url.swift in Sources */ = {isa = PBXBuildFile; fileRef = 9CA6CC9B25B16D5500CF2844 /* String+Url.swift */; };
		9CA6CC9F25B16D8400CF2844 /* OSLog+Loggers.swift in Sources */ = {isa = PBXBuildFile; fileRef = 9CA6CC9E25B16D8400CF2844 /* OSLog+Loggers.swift */; };
		9CA6CCA225B16E4000CF2844 /* DataRequester.swift in Sources */ = {isa = PBXBuildFile; fileRef = 9CA6CCA125B16E4000CF2844 /* DataRequester.swift */; };
		9CA6CCA625B171D300CF2844 /* Feed.swift in Sources */ = {isa = PBXBuildFile; fileRef = 9CA6CCA525B171D300CF2844 /* Feed.swift */; };
		9CA6CCAA25B1723200CF2844 /* FixerFeed.swift in Sources */ = {isa = PBXBuildFile; fileRef = 9CA6CCA925B1723200CF2844 /* FixerFeed.swift */; };
		9CA6CCAD25B1744800CF2844 /* DataResponseDecoder.swift in Sources */ = {isa = PBXBuildFile; fileRef = 9CA6CCAC25B1744800CF2844 /* DataResponseDecoder.swift */; };
		9CA6CCB525B1814500CF2844 /* StoryboardMakeable.swift in Sources */ = {isa = PBXBuildFile; fileRef = 9CA6CCB425B1814500CF2844 /* StoryboardMakeable.swift */; };
		9CA6CCE625B1914400CF2844 /* URLSessionMock.swift in Sources */ = {isa = PBXBuildFile; fileRef = 9CA6CCE525B1914400CF2844 /* URLSessionMock.swift */; };
		9CA6CCED25B191AE00CF2844 /* DataRequesterTests.swift in Sources */ = {isa = PBXBuildFile; fileRef = 9CA6CCEC25B191AE00CF2844 /* DataRequesterTests.swift */; };
		9CA6CCF525B1963100CF2844 /* CurrenciesDataSourceTests.swift in Sources */ = {isa = PBXBuildFile; fileRef = 9CA6CCF425B1963100CF2844 /* CurrenciesDataSourceTests.swift */; };
		9CEB7A8925B0281100934102 /* CurrenciesDataSource.swift in Sources */ = {isa = PBXBuildFile; fileRef = 9CEB7A8825B0281100934102 /* CurrenciesDataSource.swift */; };
		9CEB7A8C25B0281C00934102 /* CurrenciesDelegate.swift in Sources */ = {isa = PBXBuildFile; fileRef = 9CEB7A8B25B0281C00934102 /* CurrenciesDelegate.swift */; };
		9CEB7A8F25B030A700934102 /* BaseCurrencyView.xib in Resources */ = {isa = PBXBuildFile; fileRef = 9CEB7A8E25B030A700934102 /* BaseCurrencyView.xib */; };
		9CEB7A9225B030B800934102 /* BaseCurrencyView.swift in Sources */ = {isa = PBXBuildFile; fileRef = 9CEB7A9125B030B800934102 /* BaseCurrencyView.swift */; };
		9CEB7A9625B0313F00934102 /* UIView+Extension.swift in Sources */ = {isa = PBXBuildFile; fileRef = 9CEB7A9525B0313F00934102 /* UIView+Extension.swift */; };
		9CEB7A9925B03BD800934102 /* UIViewController+Extension.swift in Sources */ = {isa = PBXBuildFile; fileRef = 9CEB7A9825B03BD800934102 /* UIViewController+Extension.swift */; };
		9CEB7A9D25B0489800934102 /* CurrencyCell.swift in Sources */ = {isa = PBXBuildFile; fileRef = 9CEB7A9B25B0489800934102 /* CurrencyCell.swift */; };
		9CEB7A9E25B0489800934102 /* CurrencyCell.xib in Resources */ = {isa = PBXBuildFile; fileRef = 9CEB7A9C25B0489800934102 /* CurrencyCell.xib */; };
		9CEB7AA725B04DA300934102 /* CurrenciesComparisonVC.swift in Sources */ = {isa = PBXBuildFile; fileRef = 9CEB7AA625B04DA300934102 /* CurrenciesComparisonVC.swift */; };
		9CEB7AAF25B04DC600934102 /* CurrenciesComparisonSB.storyboard in Resources */ = {isa = PBXBuildFile; fileRef = 9CEB7AAE25B04DC600934102 /* CurrenciesComparisonSB.storyboard */; };
		9CEB7AB225B0506800934102 /* CurrencyDetailsView.swift in Sources */ = {isa = PBXBuildFile; fileRef = 9CEB7AB125B0506800934102 /* CurrencyDetailsView.swift */; };
		9CEB7AB525B0508100934102 /* CurrencyDetailsView.xib in Resources */ = {isa = PBXBuildFile; fileRef = 9CEB7AB425B0508100934102 /* CurrencyDetailsView.xib */; };
/* End PBXBuildFile section */

/* Begin PBXContainerItemProxy section */
		9CA6CCDD25B190B000CF2844 /* PBXContainerItemProxy */ = {
			isa = PBXContainerItemProxy;
			containerPortal = 9C4FAA9F25AF5FEA00753948 /* Project object */;
			proxyType = 1;
			remoteGlobalIDString = 9C4FAAA625AF5FEA00753948;
			remoteInfo = "Currency Converter";
		};
/* End PBXContainerItemProxy section */

/* Begin PBXFileReference section */
		9C4FAAA725AF5FEA00753948 /* Currency Converter.app */ = {isa = PBXFileReference; explicitFileType = wrapper.application; includeInIndex = 0; path = "Currency Converter.app"; sourceTree = BUILT_PRODUCTS_DIR; };
		9C4FAAAA25AF5FEA00753948 /* AppDelegate.swift */ = {isa = PBXFileReference; lastKnownFileType = sourcecode.swift; path = AppDelegate.swift; sourceTree = "<group>"; };
		9C4FAAAC25AF5FEA00753948 /* SceneDelegate.swift */ = {isa = PBXFileReference; lastKnownFileType = sourcecode.swift; path = SceneDelegate.swift; sourceTree = "<group>"; };
		9C4FAAB325AF5FED00753948 /* Assets.xcassets */ = {isa = PBXFileReference; lastKnownFileType = folder.assetcatalog; path = Assets.xcassets; sourceTree = "<group>"; };
		9C4FAAB625AF5FED00753948 /* Base */ = {isa = PBXFileReference; lastKnownFileType = file.storyboard; name = Base; path = Base.lproj/LaunchScreen.storyboard; sourceTree = "<group>"; };
		9C4FAAB825AF5FED00753948 /* Info.plist */ = {isa = PBXFileReference; lastKnownFileType = text.plist.xml; path = Info.plist; sourceTree = "<group>"; };
		9C4FAAE625AF607C00753948 /* README.md */ = {isa = PBXFileReference; lastKnownFileType = net.daringfireball.markdown; path = README.md; sourceTree = "<group>"; };
		9C4FAAEA25AF62AC00753948 /* Fixer.swift */ = {isa = PBXFileReference; lastKnownFileType = sourcecode.swift; path = Fixer.swift; sourceTree = "<group>"; };
		9C4FAB0125AF701E00753948 /* RequestManager.swift */ = {isa = PBXFileReference; lastKnownFileType = sourcecode.swift; path = RequestManager.swift; sourceTree = "<group>"; };
		9C6D8B0025AF82E900D1ABD6 /* CurrenciesViewController.swift */ = {isa = PBXFileReference; lastKnownFileType = sourcecode.swift; path = CurrenciesViewController.swift; sourceTree = "<group>"; };
		9C6D8B0425AF830D00D1ABD6 /* CurrenciesSB.storyboard */ = {isa = PBXFileReference; lastKnownFileType = file.storyboard; path = CurrenciesSB.storyboard; sourceTree = "<group>"; };
		9C6D8B0825AF836900D1ABD6 /* CurrenciesResponse.swift */ = {isa = PBXFileReference; lastKnownFileType = sourcecode.swift; path = CurrenciesResponse.swift; sourceTree = "<group>"; };
		9C6D8B0B25AF837400D1ABD6 /* Currency.swift */ = {isa = PBXFileReference; lastKnownFileType = sourcecode.swift; path = Currency.swift; sourceTree = "<group>"; };
		9CA6CC9B25B16D5500CF2844 /* String+Url.swift */ = {isa = PBXFileReference; lastKnownFileType = sourcecode.swift; path = "String+Url.swift"; sourceTree = "<group>"; };
		9CA6CC9E25B16D8400CF2844 /* OSLog+Loggers.swift */ = {isa = PBXFileReference; lastKnownFileType = sourcecode.swift; path = "OSLog+Loggers.swift"; sourceTree = "<group>"; };
		9CA6CCA125B16E4000CF2844 /* DataRequester.swift */ = {isa = PBXFileReference; lastKnownFileType = sourcecode.swift; path = DataRequester.swift; sourceTree = "<group>"; };
		9CA6CCA525B171D300CF2844 /* Feed.swift */ = {isa = PBXFileReference; lastKnownFileType = sourcecode.swift; path = Feed.swift; sourceTree = "<group>"; };
		9CA6CCA925B1723200CF2844 /* FixerFeed.swift */ = {isa = PBXFileReference; lastKnownFileType = sourcecode.swift; path = FixerFeed.swift; sourceTree = "<group>"; };
		9CA6CCAC25B1744800CF2844 /* DataResponseDecoder.swift */ = {isa = PBXFileReference; lastKnownFileType = sourcecode.swift; path = DataResponseDecoder.swift; sourceTree = "<group>"; };
		9CA6CCB425B1814500CF2844 /* StoryboardMakeable.swift */ = {isa = PBXFileReference; lastKnownFileType = sourcecode.swift; path = StoryboardMakeable.swift; sourceTree = "<group>"; };
		9CA6CCD825B190B000CF2844 /* Currency ConverterTests.xctest */ = {isa = PBXFileReference; explicitFileType = wrapper.cfbundle; includeInIndex = 0; path = "Currency ConverterTests.xctest"; sourceTree = BUILT_PRODUCTS_DIR; };
		9CA6CCDC25B190B000CF2844 /* Info.plist */ = {isa = PBXFileReference; lastKnownFileType = text.plist.xml; path = Info.plist; sourceTree = "<group>"; };
		9CA6CCE525B1914400CF2844 /* URLSessionMock.swift */ = {isa = PBXFileReference; lastKnownFileType = sourcecode.swift; path = URLSessionMock.swift; sourceTree = "<group>"; };
		9CA6CCEC25B191AE00CF2844 /* DataRequesterTests.swift */ = {isa = PBXFileReference; lastKnownFileType = sourcecode.swift; path = DataRequesterTests.swift; sourceTree = "<group>"; };
		9CA6CCF425B1963100CF2844 /* CurrenciesDataSourceTests.swift */ = {isa = PBXFileReference; lastKnownFileType = sourcecode.swift; path = CurrenciesDataSourceTests.swift; sourceTree = "<group>"; };
		9CEB7A8825B0281100934102 /* CurrenciesDataSource.swift */ = {isa = PBXFileReference; lastKnownFileType = sourcecode.swift; path = CurrenciesDataSource.swift; sourceTree = "<group>"; };
		9CEB7A8B25B0281C00934102 /* CurrenciesDelegate.swift */ = {isa = PBXFileReference; lastKnownFileType = sourcecode.swift; path = CurrenciesDelegate.swift; sourceTree = "<group>"; };
		9CEB7A8E25B030A700934102 /* BaseCurrencyView.xib */ = {isa = PBXFileReference; lastKnownFileType = file.xib; path = BaseCurrencyView.xib; sourceTree = "<group>"; };
		9CEB7A9125B030B800934102 /* BaseCurrencyView.swift */ = {isa = PBXFileReference; lastKnownFileType = sourcecode.swift; path = BaseCurrencyView.swift; sourceTree = "<group>"; };
		9CEB7A9525B0313F00934102 /* UIView+Extension.swift */ = {isa = PBXFileReference; lastKnownFileType = sourcecode.swift; path = "UIView+Extension.swift"; sourceTree = "<group>"; };
		9CEB7A9825B03BD800934102 /* UIViewController+Extension.swift */ = {isa = PBXFileReference; lastKnownFileType = sourcecode.swift; path = "UIViewController+Extension.swift"; sourceTree = "<group>"; };
		9CEB7A9B25B0489800934102 /* CurrencyCell.swift */ = {isa = PBXFileReference; lastKnownFileType = sourcecode.swift; path = CurrencyCell.swift; sourceTree = "<group>"; };
		9CEB7A9C25B0489800934102 /* CurrencyCell.xib */ = {isa = PBXFileReference; lastKnownFileType = file.xib; path = CurrencyCell.xib; sourceTree = "<group>"; };
		9CEB7AA625B04DA300934102 /* CurrenciesComparisonVC.swift */ = {isa = PBXFileReference; lastKnownFileType = sourcecode.swift; path = CurrenciesComparisonVC.swift; sourceTree = "<group>"; };
		9CEB7AAE25B04DC600934102 /* CurrenciesComparisonSB.storyboard */ = {isa = PBXFileReference; lastKnownFileType = file.storyboard; path = CurrenciesComparisonSB.storyboard; sourceTree = "<group>"; };
		9CEB7AB125B0506800934102 /* CurrencyDetailsView.swift */ = {isa = PBXFileReference; lastKnownFileType = sourcecode.swift; path = CurrencyDetailsView.swift; sourceTree = "<group>"; };
		9CEB7AB425B0508100934102 /* CurrencyDetailsView.xib */ = {isa = PBXFileReference; lastKnownFileType = file.xib; path = CurrencyDetailsView.xib; sourceTree = "<group>"; };
/* End PBXFileReference section */

/* Begin PBXFrameworksBuildPhase section */
		9C4FAAA425AF5FEA00753948 /* Frameworks */ = {
			isa = PBXFrameworksBuildPhase;
			buildActionMask = 2147483647;
			files = (
			);
			runOnlyForDeploymentPostprocessing = 0;
		};
		9CA6CCD525B190B000CF2844 /* Frameworks */ = {
			isa = PBXFrameworksBuildPhase;
			buildActionMask = 2147483647;
			files = (
			);
			runOnlyForDeploymentPostprocessing = 0;
		};
/* End PBXFrameworksBuildPhase section */

/* Begin PBXGroup section */
		9C4FAA9E25AF5FEA00753948 = {
			isa = PBXGroup;
			children = (
				9C4FAAE625AF607C00753948 /* README.md */,
				9C4FAAA925AF5FEA00753948 /* Currency Converter */,
				9CA6CCD925B190B000CF2844 /* Currency ConverterTests */,
				9C4FAAA825AF5FEA00753948 /* Products */,
			);
			sourceTree = "<group>";
		};
		9C4FAAA825AF5FEA00753948 /* Products */ = {
			isa = PBXGroup;
			children = (
				9C4FAAA725AF5FEA00753948 /* Currency Converter.app */,
				9CA6CCD825B190B000CF2844 /* Currency ConverterTests.xctest */,
			);
			name = Products;
			sourceTree = "<group>";
		};
		9C4FAAA925AF5FEA00753948 /* Currency Converter */ = {
			isa = PBXGroup;
			children = (
				9C4FAB0025AF701500753948 /* RequestManager */,
				9C4FAAE925AF627200753948 /* Utilities */,
				9CED5FDE25AF7176000B2796 /* CurrenciesScreen */,
				9CEB7AB725B07A4000934102 /* Support */,
			);
			path = "Currency Converter";
			sourceTree = "<group>";
		};
		9C4FAAE925AF627200753948 /* Utilities */ = {
			isa = PBXGroup;
			children = (
				9CEB7A9525B0313F00934102 /* UIView+Extension.swift */,
				9CEB7A9825B03BD800934102 /* UIViewController+Extension.swift */,
				9CA6CC9E25B16D8400CF2844 /* OSLog+Loggers.swift */,
				9CA6CC9B25B16D5500CF2844 /* String+Url.swift */,
				9CA6CCB425B1814500CF2844 /* StoryboardMakeable.swift */,
			);
			path = Utilities;
			sourceTree = "<group>";
		};
		9C4FAB0025AF701500753948 /* RequestManager */ = {
			isa = PBXGroup;
			children = (
				9CA6CCA125B16E4000CF2844 /* DataRequester.swift */,
				9CA6CCAC25B1744800CF2844 /* DataResponseDecoder.swift */,
				9C4FAB0125AF701E00753948 /* RequestManager.swift */,
				9CA6CCA425B171C100CF2844 /* Feeds */,
			);
			path = RequestManager;
			sourceTree = "<group>";
		};
		9CA6CCA425B171C100CF2844 /* Feeds */ = {
			isa = PBXGroup;
			children = (
				9CA6CCA525B171D300CF2844 /* Feed.swift */,
				9CA6CCA925B1723200CF2844 /* FixerFeed.swift */,
			);
			path = Feeds;
			sourceTree = "<group>";
		};
		9CA6CCAF25B176EC00CF2844 /* Fixer */ = {
			isa = PBXGroup;
			children = (
				9C4FAAEA25AF62AC00753948 /* Fixer.swift */,
			);
			path = Fixer;
			sourceTree = "<group>";
		};
		9CA6CCD925B190B000CF2844 /* Currency ConverterTests */ = {
			isa = PBXGroup;
			children = (
				9CA6CCE425B190BF00CF2844 /* Mocks */,
				9CA6CCEB25B1919400CF2844 /* Requests */,
				9CA6CCF325B1960900CF2844 /* DataSources */,
				9CA6CCDC25B190B000CF2844 /* Info.plist */,
			);
			path = "Currency ConverterTests";
			sourceTree = "<group>";
		};
		9CA6CCE425B190BF00CF2844 /* Mocks */ = {
			isa = PBXGroup;
			children = (
				9CA6CCE525B1914400CF2844 /* URLSessionMock.swift */,
			);
			path = Mocks;
			sourceTree = "<group>";
		};
		9CA6CCEB25B1919400CF2844 /* Requests */ = {
			isa = PBXGroup;
			children = (
				9CA6CCEC25B191AE00CF2844 /* DataRequesterTests.swift */,
			);
			path = Requests;
			sourceTree = "<group>";
		};
		9CA6CCF325B1960900CF2844 /* DataSources */ = {
			isa = PBXGroup;
			children = (
				9CA6CCF425B1963100CF2844 /* CurrenciesDataSourceTests.swift */,
			);
			path = DataSources;
			sourceTree = "<group>";
		};
		9CEB7AA025B04D2700934102 /* CurrenciesComparisonScreen */ = {
			isa = PBXGroup;
			children = (
				9CEB7AA225B04D5000934102 /* View */,
				9CEB7AA125B04D4900934102 /* Controller */,
			);
			path = CurrenciesComparisonScreen;
			sourceTree = "<group>";
		};
		9CEB7AA125B04D4900934102 /* Controller */ = {
			isa = PBXGroup;
			children = (
				9CEB7AA625B04DA300934102 /* CurrenciesComparisonVC.swift */,
			);
			path = Controller;
			sourceTree = "<group>";
		};
		9CEB7AA225B04D5000934102 /* View */ = {
			isa = PBXGroup;
			children = (
				9CEB7AAE25B04DC600934102 /* CurrenciesComparisonSB.storyboard */,
				9CEB7AB125B0506800934102 /* CurrencyDetailsView.swift */,
				9CEB7AB425B0508100934102 /* CurrencyDetailsView.xib */,
			);
			path = View;
			sourceTree = "<group>";
		};
		9CEB7AB725B07A4000934102 /* Support */ = {
			isa = PBXGroup;
			children = (
				9C4FAAAA25AF5FEA00753948 /* AppDelegate.swift */,
				9C4FAAAC25AF5FEA00753948 /* SceneDelegate.swift */,
				9C4FAAB325AF5FED00753948 /* Assets.xcassets */,
				9C4FAAB525AF5FED00753948 /* LaunchScreen.storyboard */,
				9C4FAAB825AF5FED00753948 /* Info.plist */,
			);
			path = Support;
			sourceTree = "<group>";
		};
		9CED5FDE25AF7176000B2796 /* CurrenciesScreen */ = {
			isa = PBXGroup;
			children = (
				9CA6CCAF25B176EC00CF2844 /* Fixer */,
				9CED5FE125AF71AD000B2796 /* Model */,
				9CED5FE025AF71A9000B2796 /* View */,
				9CED5FDF25AF71A3000B2796 /* Controller */,
				9CEB7AA025B04D2700934102 /* CurrenciesComparisonScreen */,
			);
			path = CurrenciesScreen;
			sourceTree = "<group>";
		};
		9CED5FDF25AF71A3000B2796 /* Controller */ = {
			isa = PBXGroup;
			children = (
				9C6D8B0025AF82E900D1ABD6 /* CurrenciesViewController.swift */,
				9CEB7A8825B0281100934102 /* CurrenciesDataSource.swift */,
				9CEB7A8B25B0281C00934102 /* CurrenciesDelegate.swift */,
			);
			path = Controller;
			sourceTree = "<group>";
		};
		9CED5FE025AF71A9000B2796 /* View */ = {
			isa = PBXGroup;
			children = (
				9C6D8B0425AF830D00D1ABD6 /* CurrenciesSB.storyboard */,
				9CEB7A9125B030B800934102 /* BaseCurrencyView.swift */,
				9CEB7A8E25B030A700934102 /* BaseCurrencyView.xib */,
				9CEB7A9B25B0489800934102 /* CurrencyCell.swift */,
				9CEB7A9C25B0489800934102 /* CurrencyCell.xib */,
			);
			path = View;
			sourceTree = "<group>";
		};
		9CED5FE125AF71AD000B2796 /* Model */ = {
			isa = PBXGroup;
			children = (
				9C6D8B0825AF836900D1ABD6 /* CurrenciesResponse.swift */,
				9C6D8B0B25AF837400D1ABD6 /* Currency.swift */,
			);
			path = Model;
			sourceTree = "<group>";
		};
/* End PBXGroup section */

/* Begin PBXNativeTarget section */
		9C4FAAA625AF5FEA00753948 /* Currency Converter */ = {
			isa = PBXNativeTarget;
			buildConfigurationList = 9C4FAABB25AF5FED00753948 /* Build configuration list for PBXNativeTarget "Currency Converter" */;
			buildPhases = (
				9C4FAAA325AF5FEA00753948 /* Sources */,
				9C4FAAA425AF5FEA00753948 /* Frameworks */,
				9C4FAAA525AF5FEA00753948 /* Resources */,
			);
			buildRules = (
			);
			dependencies = (
			);
			name = "Currency Converter";
			productName = "Currency Converter";
			productReference = 9C4FAAA725AF5FEA00753948 /* Currency Converter.app */;
			productType = "com.apple.product-type.application";
		};
		9CA6CCD725B190B000CF2844 /* Currency ConverterTests */ = {
			isa = PBXNativeTarget;
			buildConfigurationList = 9CA6CCE125B190B000CF2844 /* Build configuration list for PBXNativeTarget "Currency ConverterTests" */;
			buildPhases = (
				9CA6CCD425B190B000CF2844 /* Sources */,
				9CA6CCD525B190B000CF2844 /* Frameworks */,
				9CA6CCD625B190B000CF2844 /* Resources */,
			);
			buildRules = (
			);
			dependencies = (
				9CA6CCDE25B190B000CF2844 /* PBXTargetDependency */,
			);
			name = "Currency ConverterTests";
			productName = "Currency ConverterTests";
			productReference = 9CA6CCD825B190B000CF2844 /* Currency ConverterTests.xctest */;
			productType = "com.apple.product-type.bundle.unit-test";
		};
/* End PBXNativeTarget section */

/* Begin PBXProject section */
		9C4FAA9F25AF5FEA00753948 /* Project object */ = {
			isa = PBXProject;
			attributes = {
				LastSwiftUpdateCheck = 1220;
				LastUpgradeCheck = 1220;
				TargetAttributes = {
					9C4FAAA625AF5FEA00753948 = {
						CreatedOnToolsVersion = 12.2;
					};
					9CA6CCD725B190B000CF2844 = {
						CreatedOnToolsVersion = 12.2;
						TestTargetID = 9C4FAAA625AF5FEA00753948;
					};
				};
			};
			buildConfigurationList = 9C4FAAA225AF5FEA00753948 /* Build configuration list for PBXProject "Currency Converter" */;
			compatibilityVersion = "Xcode 9.3";
			developmentRegion = en;
			hasScannedForEncodings = 0;
			knownRegions = (
				en,
				Base,
			);
			mainGroup = 9C4FAA9E25AF5FEA00753948;
			productRefGroup = 9C4FAAA825AF5FEA00753948 /* Products */;
			projectDirPath = "";
			projectRoot = "";
			targets = (
				9C4FAAA625AF5FEA00753948 /* Currency Converter */,
				9CA6CCD725B190B000CF2844 /* Currency ConverterTests */,
			);
		};
/* End PBXProject section */

/* Begin PBXResourcesBuildPhase section */
		9C4FAAA525AF5FEA00753948 /* Resources */ = {
			isa = PBXResourcesBuildPhase;
			buildActionMask = 2147483647;
			files = (
				9C4FAAB725AF5FED00753948 /* LaunchScreen.storyboard in Resources */,
				9CEB7AAF25B04DC600934102 /* CurrenciesComparisonSB.storyboard in Resources */,
				9C4FAAB425AF5FED00753948 /* Assets.xcassets in Resources */,
				9C6D8B0525AF830D00D1ABD6 /* CurrenciesSB.storyboard in Resources */,
				9CEB7AB525B0508100934102 /* CurrencyDetailsView.xib in Resources */,
				9C4FAAE725AF607C00753948 /* README.md in Resources */,
				9CEB7A9E25B0489800934102 /* CurrencyCell.xib in Resources */,
				9CEB7A8F25B030A700934102 /* BaseCurrencyView.xib in Resources */,
			);
			runOnlyForDeploymentPostprocessing = 0;
		};
		9CA6CCD625B190B000CF2844 /* Resources */ = {
			isa = PBXResourcesBuildPhase;
			buildActionMask = 2147483647;
			files = (
			);
			runOnlyForDeploymentPostprocessing = 0;
		};
/* End PBXResourcesBuildPhase section */

/* Begin PBXSourcesBuildPhase section */
		9C4FAAA325AF5FEA00753948 /* Sources */ = {
			isa = PBXSourcesBuildPhase;
			buildActionMask = 2147483647;
			files = (
				9CA6CC9C25B16D5500CF2844 /* String+Url.swift in Sources */,
				9CEB7A9D25B0489800934102 /* CurrencyCell.swift in Sources */,
				9C4FAAEB25AF62AC00753948 /* Fixer.swift in Sources */,
				9CEB7A9625B0313F00934102 /* UIView+Extension.swift in Sources */,
				9CA6CCAA25B1723200CF2844 /* FixerFeed.swift in Sources */,
				9C6D8B0925AF836900D1ABD6 /* CurrenciesResponse.swift in Sources */,
				9CA6CC9F25B16D8400CF2844 /* OSLog+Loggers.swift in Sources */,
				9CEB7A9925B03BD800934102 /* UIViewController+Extension.swift in Sources */,
				9CA6CCA225B16E4000CF2844 /* DataRequester.swift in Sources */,
				9C6D8B0125AF82E900D1ABD6 /* CurrenciesViewController.swift in Sources */,
				9CA6CCA625B171D300CF2844 /* Feed.swift in Sources */,
				9C6D8B0C25AF837400D1ABD6 /* Currency.swift in Sources */,
				9C4FAB0225AF701E00753948 /* RequestManager.swift in Sources */,
				9CA6CCAD25B1744800CF2844 /* DataResponseDecoder.swift in Sources */,
				9CA6CCB525B1814500CF2844 /* StoryboardMakeable.swift in Sources */,
				9CEB7AB225B0506800934102 /* CurrencyDetailsView.swift in Sources */,
				9CEB7A9225B030B800934102 /* BaseCurrencyView.swift in Sources */,
				9C4FAAAB25AF5FEA00753948 /* AppDelegate.swift in Sources */,
				9CEB7A8925B0281100934102 /* CurrenciesDataSource.swift in Sources */,
				9CEB7AA725B04DA300934102 /* CurrenciesComparisonVC.swift in Sources */,
				9C4FAAAD25AF5FEA00753948 /* SceneDelegate.swift in Sources */,
				9CEB7A8C25B0281C00934102 /* CurrenciesDelegate.swift in Sources */,
			);
			runOnlyForDeploymentPostprocessing = 0;
		};
		9CA6CCD425B190B000CF2844 /* Sources */ = {
			isa = PBXSourcesBuildPhase;
			buildActionMask = 2147483647;
			files = (
				9CA6CCE625B1914400CF2844 /* URLSessionMock.swift in Sources */,
				9CA6CCED25B191AE00CF2844 /* DataRequesterTests.swift in Sources */,
				9CA6CCF525B1963100CF2844 /* CurrenciesDataSourceTests.swift in Sources */,
			);
			runOnlyForDeploymentPostprocessing = 0;
		};
/* End PBXSourcesBuildPhase section */

/* Begin PBXTargetDependency section */
		9CA6CCDE25B190B000CF2844 /* PBXTargetDependency */ = {
			isa = PBXTargetDependency;
			target = 9C4FAAA625AF5FEA00753948 /* Currency Converter */;
			targetProxy = 9CA6CCDD25B190B000CF2844 /* PBXContainerItemProxy */;
		};
/* End PBXTargetDependency section */

/* Begin PBXVariantGroup section */
		9C4FAAB525AF5FED00753948 /* LaunchScreen.storyboard */ = {
			isa = PBXVariantGroup;
			children = (
				9C4FAAB625AF5FED00753948 /* Base */,
			);
			name = LaunchScreen.storyboard;
			sourceTree = "<group>";
		};
/* End PBXVariantGroup section */

/* Begin XCBuildConfiguration section */
		9C4FAAB925AF5FED00753948 /* Debug */ = {
			isa = XCBuildConfiguration;
			buildSettings = {
				ALWAYS_SEARCH_USER_PATHS = NO;
				CLANG_ANALYZER_NONNULL = YES;
				CLANG_ANALYZER_NUMBER_OBJECT_CONVERSION = YES_AGGRESSIVE;
				CLANG_CXX_LANGUAGE_STANDARD = "gnu++14";
				CLANG_CXX_LIBRARY = "libc++";
				CLANG_ENABLE_MODULES = YES;
				CLANG_ENABLE_OBJC_ARC = YES;
				CLANG_ENABLE_OBJC_WEAK = YES;
				CLANG_WARN_BLOCK_CAPTURE_AUTORELEASING = YES;
				CLANG_WARN_BOOL_CONVERSION = YES;
				CLANG_WARN_COMMA = YES;
				CLANG_WARN_CONSTANT_CONVERSION = YES;
				CLANG_WARN_DEPRECATED_OBJC_IMPLEMENTATIONS = YES;
				CLANG_WARN_DIRECT_OBJC_ISA_USAGE = YES_ERROR;
				CLANG_WARN_DOCUMENTATION_COMMENTS = YES;
				CLANG_WARN_EMPTY_BODY = YES;
				CLANG_WARN_ENUM_CONVERSION = YES;
				CLANG_WARN_INFINITE_RECURSION = YES;
				CLANG_WARN_INT_CONVERSION = YES;
				CLANG_WARN_NON_LITERAL_NULL_CONVERSION = YES;
				CLANG_WARN_OBJC_IMPLICIT_RETAIN_SELF = YES;
				CLANG_WARN_OBJC_LITERAL_CONVERSION = YES;
				CLANG_WARN_OBJC_ROOT_CLASS = YES_ERROR;
				CLANG_WARN_QUOTED_INCLUDE_IN_FRAMEWORK_HEADER = YES;
				CLANG_WARN_RANGE_LOOP_ANALYSIS = YES;
				CLANG_WARN_STRICT_PROTOTYPES = YES;
				CLANG_WARN_SUSPICIOUS_MOVE = YES;
				CLANG_WARN_UNGUARDED_AVAILABILITY = YES_AGGRESSIVE;
				CLANG_WARN_UNREACHABLE_CODE = YES;
				CLANG_WARN__DUPLICATE_METHOD_MATCH = YES;
				COPY_PHASE_STRIP = NO;
				DEBUG_INFORMATION_FORMAT = dwarf;
				ENABLE_STRICT_OBJC_MSGSEND = YES;
				ENABLE_TESTABILITY = YES;
				GCC_C_LANGUAGE_STANDARD = gnu11;
				GCC_DYNAMIC_NO_PIC = NO;
				GCC_NO_COMMON_BLOCKS = YES;
				GCC_OPTIMIZATION_LEVEL = 0;
				GCC_PREPROCESSOR_DEFINITIONS = (
					"DEBUG=1",
					"$(inherited)",
				);
				GCC_WARN_64_TO_32_BIT_CONVERSION = YES;
				GCC_WARN_ABOUT_RETURN_TYPE = YES_ERROR;
				GCC_WARN_UNDECLARED_SELECTOR = YES;
				GCC_WARN_UNINITIALIZED_AUTOS = YES_AGGRESSIVE;
				GCC_WARN_UNUSED_FUNCTION = YES;
				GCC_WARN_UNUSED_VARIABLE = YES;
				IPHONEOS_DEPLOYMENT_TARGET = 14.2;
				MTL_ENABLE_DEBUG_INFO = INCLUDE_SOURCE;
				MTL_FAST_MATH = YES;
				ONLY_ACTIVE_ARCH = YES;
				SDKROOT = iphoneos;
				SWIFT_ACTIVE_COMPILATION_CONDITIONS = DEBUG;
				SWIFT_OPTIMIZATION_LEVEL = "-Onone";
			};
			name = Debug;
		};
		9C4FAABA25AF5FED00753948 /* Release */ = {
			isa = XCBuildConfiguration;
			buildSettings = {
				ALWAYS_SEARCH_USER_PATHS = NO;
				CLANG_ANALYZER_NONNULL = YES;
				CLANG_ANALYZER_NUMBER_OBJECT_CONVERSION = YES_AGGRESSIVE;
				CLANG_CXX_LANGUAGE_STANDARD = "gnu++14";
				CLANG_CXX_LIBRARY = "libc++";
				CLANG_ENABLE_MODULES = YES;
				CLANG_ENABLE_OBJC_ARC = YES;
				CLANG_ENABLE_OBJC_WEAK = YES;
				CLANG_WARN_BLOCK_CAPTURE_AUTORELEASING = YES;
				CLANG_WARN_BOOL_CONVERSION = YES;
				CLANG_WARN_COMMA = YES;
				CLANG_WARN_CONSTANT_CONVERSION = YES;
				CLANG_WARN_DEPRECATED_OBJC_IMPLEMENTATIONS = YES;
				CLANG_WARN_DIRECT_OBJC_ISA_USAGE = YES_ERROR;
				CLANG_WARN_DOCUMENTATION_COMMENTS = YES;
				CLANG_WARN_EMPTY_BODY = YES;
				CLANG_WARN_ENUM_CONVERSION = YES;
				CLANG_WARN_INFINITE_RECURSION = YES;
				CLANG_WARN_INT_CONVERSION = YES;
				CLANG_WARN_NON_LITERAL_NULL_CONVERSION = YES;
				CLANG_WARN_OBJC_IMPLICIT_RETAIN_SELF = YES;
				CLANG_WARN_OBJC_LITERAL_CONVERSION = YES;
				CLANG_WARN_OBJC_ROOT_CLASS = YES_ERROR;
				CLANG_WARN_QUOTED_INCLUDE_IN_FRAMEWORK_HEADER = YES;
				CLANG_WARN_RANGE_LOOP_ANALYSIS = YES;
				CLANG_WARN_STRICT_PROTOTYPES = YES;
				CLANG_WARN_SUSPICIOUS_MOVE = YES;
				CLANG_WARN_UNGUARDED_AVAILABILITY = YES_AGGRESSIVE;
				CLANG_WARN_UNREACHABLE_CODE = YES;
				CLANG_WARN__DUPLICATE_METHOD_MATCH = YES;
				COPY_PHASE_STRIP = NO;
				DEBUG_INFORMATION_FORMAT = "dwarf-with-dsym";
				ENABLE_NS_ASSERTIONS = NO;
				ENABLE_STRICT_OBJC_MSGSEND = YES;
				GCC_C_LANGUAGE_STANDARD = gnu11;
				GCC_NO_COMMON_BLOCKS = YES;
				GCC_WARN_64_TO_32_BIT_CONVERSION = YES;
				GCC_WARN_ABOUT_RETURN_TYPE = YES_ERROR;
				GCC_WARN_UNDECLARED_SELECTOR = YES;
				GCC_WARN_UNINITIALIZED_AUTOS = YES_AGGRESSIVE;
				GCC_WARN_UNUSED_FUNCTION = YES;
				GCC_WARN_UNUSED_VARIABLE = YES;
				IPHONEOS_DEPLOYMENT_TARGET = 14.2;
				MTL_ENABLE_DEBUG_INFO = NO;
				MTL_FAST_MATH = YES;
				SDKROOT = iphoneos;
				SWIFT_COMPILATION_MODE = wholemodule;
				SWIFT_OPTIMIZATION_LEVEL = "-O";
				VALIDATE_PRODUCT = YES;
			};
			name = Release;
		};
		9C4FAABC25AF5FED00753948 /* Debug */ = {
			isa = XCBuildConfiguration;
			buildSettings = {
				ASSETCATALOG_COMPILER_APPICON_NAME = AppIcon;
				ASSETCATALOG_COMPILER_GLOBAL_ACCENT_COLOR_NAME = AccentColor;
				CODE_SIGN_STYLE = Automatic;
				DEVELOPMENT_TEAM = 8V78H7WRYL;
				INFOPLIST_FILE = "Currency Converter/Support/Info.plist";
				LD_RUNPATH_SEARCH_PATHS = (
					"$(inherited)",
					"@executable_path/Frameworks",
				);
				PRODUCT_BUNDLE_IDENTIFIER = "com.SWENSON-HE.Currency-Converter.Currency-Converter";
				PRODUCT_NAME = "$(TARGET_NAME)";
				SWIFT_VERSION = 5.0;
				TARGETED_DEVICE_FAMILY = "1,2";
			};
			name = Debug;
		};
		9C4FAABD25AF5FED00753948 /* Release */ = {
			isa = XCBuildConfiguration;
			buildSettings = {
				ASSETCATALOG_COMPILER_APPICON_NAME = AppIcon;
				ASSETCATALOG_COMPILER_GLOBAL_ACCENT_COLOR_NAME = AccentColor;
				CODE_SIGN_STYLE = Automatic;
				DEVELOPMENT_TEAM = 8V78H7WRYL;
				INFOPLIST_FILE = "Currency Converter/Support/Info.plist";
				LD_RUNPATH_SEARCH_PATHS = (
					"$(inherited)",
					"@executable_path/Frameworks",
				);
				PRODUCT_BUNDLE_IDENTIFIER = "com.SWENSON-HE.Currency-Converter.Currency-Converter";
				PRODUCT_NAME = "$(TARGET_NAME)";
				SWIFT_VERSION = 5.0;
				TARGETED_DEVICE_FAMILY = "1,2";
			};
			name = Release;
		};
		9CA6CCDF25B190B000CF2844 /* Debug */ = {
			isa = XCBuildConfiguration;
			buildSettings = {
				BUNDLE_LOADER = "$(TEST_HOST)";
				CODE_SIGN_STYLE = Automatic;
				DEVELOPMENT_TEAM = 8V78H7WRYL;
				INFOPLIST_FILE = "Currency ConverterTests/Info.plist";
				LD_RUNPATH_SEARCH_PATHS = (
					"$(inherited)",
					"@executable_path/Frameworks",
					"@loader_path/Frameworks",
				);
				PRODUCT_BUNDLE_IDENTIFIER = "com.SWENSON-HE.Currency-Converter.Currency-ConverterTests";
				PRODUCT_NAME = "$(TARGET_NAME)";
				SWIFT_VERSION = 5.0;
				TARGETED_DEVICE_FAMILY = "1,2";
				TEST_HOST = "$(BUILT_PRODUCTS_DIR)/Currency Converter.app/Currency Converter";
			};
			name = Debug;
		};
		9CA6CCE025B190B000CF2844 /* Release */ = {
			isa = XCBuildConfiguration;
			buildSettings = {
				BUNDLE_LOADER = "$(TEST_HOST)";
				CODE_SIGN_STYLE = Automatic;
				DEVELOPMENT_TEAM = 8V78H7WRYL;
				INFOPLIST_FILE = "Currency ConverterTests/Info.plist";
				LD_RUNPATH_SEARCH_PATHS = (
					"$(inherited)",
					"@executable_path/Frameworks",
					"@loader_path/Frameworks",
				);
				PRODUCT_BUNDLE_IDENTIFIER = "com.SWENSON-HE.Currency-Converter.Currency-ConverterTests";
				PRODUCT_NAME = "$(TARGET_NAME)";
				SWIFT_VERSION = 5.0;
				TARGETED_DEVICE_FAMILY = "1,2";
				TEST_HOST = "$(BUILT_PRODUCTS_DIR)/Currency Converter.app/Currency Converter";
			};
			name = Release;
		};
/* End XCBuildConfiguration section */

/* Begin XCConfigurationList section */
		9C4FAAA225AF5FEA00753948 /* Build configuration list for PBXProject "Currency Converter" */ = {
			isa = XCConfigurationList;
			buildConfigurations = (
				9C4FAAB925AF5FED00753948 /* Debug */,
				9C4FAABA25AF5FED00753948 /* Release */,
			);
			defaultConfigurationIsVisible = 0;
			defaultConfigurationName = Release;
		};
		9C4FAABB25AF5FED00753948 /* Build configuration list for PBXNativeTarget "Currency Converter" */ = {
			isa = XCConfigurationList;
			buildConfigurations = (
				9C4FAABC25AF5FED00753948 /* Debug */,
				9C4FAABD25AF5FED00753948 /* Release */,
			);
			defaultConfigurationIsVisible = 0;
			defaultConfigurationName = Release;
		};
		9CA6CCE125B190B000CF2844 /* Build configuration list for PBXNativeTarget "Currency ConverterTests" */ = {
			isa = XCConfigurationList;
			buildConfigurations = (
				9CA6CCDF25B190B000CF2844 /* Debug */,
				9CA6CCE025B190B000CF2844 /* Release */,
			);
			defaultConfigurationIsVisible = 0;
			defaultConfigurationName = Release;
		};
/* End XCConfigurationList section */
	};
	rootObject = 9C4FAA9F25AF5FEA00753948 /* Project object */;
}
