// !$*UTF8*$!
{
	archiveVersion = 1;
	classes = {
	};
	objectVersion = 50;
	objects = {

/* Begin PBXBuildFile section */
		9C4FAAAB25AF5FEA00753948 /* AppDelegate.swift in Sources */ = {isa = PBXBuildFile; fileRef = 9C4FAAAA25AF5FEA00753948 /* AppDelegate.swift */; };
		9C4FAAAD25AF5FEA00753948 /* SceneDelegate.swift in Sources */ = {isa = PBXBuildFile; fileRef = 9C4FAAAC25AF5FEA00753948 /* SceneDelegate.swift */; };
		9C4FAAB425AF5FED00753948 /* Assets.xcassets in Resources */ = {isa = PBXBuildFile; fileRef = 9C4FAAB325AF5FED00753948 /* Assets.xcassets */; };
		9C4FAAB725AF5FED00753948 /* LaunchScreen.storyboard in Resources */ = {isa = PBXBuildFile; fileRef = 9C4FAAB525AF5FED00753948 /* LaunchScreen.storyboard */; };
		9C4FAAE725AF607C00753948 /* README.md in Resources */ = {isa = PBXBuildFile; fileRef = 9C4FAAE625AF607C00753948 /* README.md */; };
		9C4FAAEB25AF62AC00753948 /* Fixer.swift in Sources */ = {isa = PBXBuildFile; fileRef = 9C4FAAEA25AF62AC00753948 /* Fixer.swift */; };
		9C4FAAF025AF65F000753948 /* Endpoint.swift in Sources */ = {isa = PBXBuildFile; fileRef = 9C4FAAEF25AF65F000753948 /* Endpoint.swift */; };
		9C4FAAFD25AF6DF600753948 /* FixerEndPoint.swift in Sources */ = {isa = PBXBuildFile; fileRef = 9C4FAAFC25AF6DF600753948 /* FixerEndPoint.swift */; };
		9C4FAB0225AF701E00753948 /* RequestManager.swift in Sources */ = {isa = PBXBuildFile; fileRef = 9C4FAB0125AF701E00753948 /* RequestManager.swift */; };
		9CED602025AF7B09000B2796 /* CurrencyRatesViewController.swift in Sources */ = {isa = PBXBuildFile; fileRef = 9CED601F25AF7B09000B2796 /* CurrencyRatesViewController.swift */; };
		9CED602325AF7B16000B2796 /* CurrencyRatesSB.storyboard in Resources */ = {isa = PBXBuildFile; fileRef = 9CED602225AF7B16000B2796 /* CurrencyRatesSB.storyboard */; };
		9CED602725AF7BDD000B2796 /* CurrencyRatesResponse.swift in Sources */ = {isa = PBXBuildFile; fileRef = 9CED602625AF7BDD000B2796 /* CurrencyRatesResponse.swift */; };
		9CED602B25AF7F16000B2796 /* Rate.swift in Sources */ = {isa = PBXBuildFile; fileRef = 9CED602A25AF7F16000B2796 /* Rate.swift */; };
/* End PBXBuildFile section */

/* Begin PBXFileReference section */
		9C4FAAA725AF5FEA00753948 /* Currency Converter.app */ = {isa = PBXFileReference; explicitFileType = wrapper.application; includeInIndex = 0; path = "Currency Converter.app"; sourceTree = BUILT_PRODUCTS_DIR; };
		9C4FAAAA25AF5FEA00753948 /* AppDelegate.swift */ = {isa = PBXFileReference; lastKnownFileType = sourcecode.swift; path = AppDelegate.swift; sourceTree = "<group>"; };
		9C4FAAAC25AF5FEA00753948 /* SceneDelegate.swift */ = {isa = PBXFileReference; lastKnownFileType = sourcecode.swift; path = SceneDelegate.swift; sourceTree = "<group>"; };
		9C4FAAB325AF5FED00753948 /* Assets.xcassets */ = {isa = PBXFileReference; lastKnownFileType = folder.assetcatalog; path = Assets.xcassets; sourceTree = "<group>"; };
		9C4FAAB625AF5FED00753948 /* Base */ = {isa = PBXFileReference; lastKnownFileType = file.storyboard; name = Base; path = Base.lproj/LaunchScreen.storyboard; sourceTree = "<group>"; };
		9C4FAAB825AF5FED00753948 /* Info.plist */ = {isa = PBXFileReference; lastKnownFileType = text.plist.xml; path = Info.plist; sourceTree = "<group>"; };
		9C4FAAE625AF607C00753948 /* README.md */ = {isa = PBXFileReference; lastKnownFileType = net.daringfireball.markdown; path = README.md; sourceTree = "<group>"; };
		9C4FAAEA25AF62AC00753948 /* Fixer.swift */ = {isa = PBXFileReference; lastKnownFileType = sourcecode.swift; path = Fixer.swift; sourceTree = "<group>"; };
		9C4FAAEF25AF65F000753948 /* Endpoint.swift */ = {isa = PBXFileReference; lastKnownFileType = sourcecode.swift; path = Endpoint.swift; sourceTree = "<group>"; };
		9C4FAAFC25AF6DF600753948 /* FixerEndPoint.swift */ = {isa = PBXFileReference; lastKnownFileType = sourcecode.swift; path = FixerEndPoint.swift; sourceTree = "<group>"; };
		9C4FAB0125AF701E00753948 /* RequestManager.swift */ = {isa = PBXFileReference; lastKnownFileType = sourcecode.swift; path = RequestManager.swift; sourceTree = "<group>"; };
		9CED601F25AF7B09000B2796 /* CurrencyRatesViewController.swift */ = {isa = PBXFileReference; lastKnownFileType = sourcecode.swift; path = CurrencyRatesViewController.swift; sourceTree = "<group>"; };
		9CED602225AF7B16000B2796 /* CurrencyRatesSB.storyboard */ = {isa = PBXFileReference; lastKnownFileType = file.storyboard; path = CurrencyRatesSB.storyboard; sourceTree = "<group>"; };
		9CED602625AF7BDD000B2796 /* CurrencyRatesResponse.swift */ = {isa = PBXFileReference; lastKnownFileType = sourcecode.swift; path = CurrencyRatesResponse.swift; sourceTree = "<group>"; };
		9CED602A25AF7F16000B2796 /* Rate.swift */ = {isa = PBXFileReference; lastKnownFileType = sourcecode.swift; path = Rate.swift; sourceTree = "<group>"; };
/* End PBXFileReference section */

/* Begin PBXFrameworksBuildPhase section */
		9C4FAAA425AF5FEA00753948 /* Frameworks */ = {
			isa = PBXFrameworksBuildPhase;
			buildActionMask = 2147483647;
			files = (
			);
			runOnlyForDeploymentPostprocessing = 0;
		};
/* End PBXFrameworksBuildPhase section */

/* Begin PBXGroup section */
		9C4FAA9E25AF5FEA00753948 = {
			isa = PBXGroup;
			children = (
				9C4FAAE625AF607C00753948 /* README.md */,
				9C4FAAA925AF5FEA00753948 /* Currency Converter */,
				9C4FAAA825AF5FEA00753948 /* Products */,
			);
			sourceTree = "<group>";
		};
		9C4FAAA825AF5FEA00753948 /* Products */ = {
			isa = PBXGroup;
			children = (
				9C4FAAA725AF5FEA00753948 /* Currency Converter.app */,
			);
			name = Products;
			sourceTree = "<group>";
		};
		9C4FAAA925AF5FEA00753948 /* Currency Converter */ = {
			isa = PBXGroup;
			children = (
				9C4FAB0025AF701500753948 /* RequestManager */,
				9C4FAAE925AF627200753948 /* Utilities */,
				9CED5FDE25AF7176000B2796 /* CurrenciesScreen */,
				9C4FAAAA25AF5FEA00753948 /* AppDelegate.swift */,
				9C4FAAAC25AF5FEA00753948 /* SceneDelegate.swift */,
				9C4FAAB325AF5FED00753948 /* Assets.xcassets */,
				9C4FAAB525AF5FED00753948 /* LaunchScreen.storyboard */,
				9C4FAAB825AF5FED00753948 /* Info.plist */,
			);
			path = "Currency Converter";
			sourceTree = "<group>";
		};
		9C4FAAE925AF627200753948 /* Utilities */ = {
			isa = PBXGroup;
			children = (
				9C4FAAEA25AF62AC00753948 /* Fixer.swift */,
			);
			path = Utilities;
			sourceTree = "<group>";
		};
		9C4FAAEE25AF65E200753948 /* Endpoint */ = {
			isa = PBXGroup;
			children = (
				9C4FAAEF25AF65F000753948 /* Endpoint.swift */,
			);
			path = Endpoint;
			sourceTree = "<group>";
		};
		9C4FAAFB25AF6DEA00753948 /* FixerEndPoint */ = {
			isa = PBXGroup;
			children = (
				9C4FAAFC25AF6DF600753948 /* FixerEndPoint.swift */,
			);
			path = FixerEndPoint;
			sourceTree = "<group>";
		};
		9C4FAB0025AF701500753948 /* RequestManager */ = {
			isa = PBXGroup;
			children = (
				9C4FAB0125AF701E00753948 /* RequestManager.swift */,
				9C4FAAEE25AF65E200753948 /* Endpoint */,
			);
			path = RequestManager;
			sourceTree = "<group>";
		};
		9CED5FDE25AF7176000B2796 /* CurrenciesScreen */ = {
			isa = PBXGroup;
			children = (
				9CED5FE225AF71B3000B2796 /* EndPoint */,
				9CED5FE125AF71AD000B2796 /* Model */,
				9CED5FE025AF71A9000B2796 /* View */,
				9CED5FDF25AF71A3000B2796 /* Controller */,
			);
			path = CurrenciesScreen;
			sourceTree = "<group>";
		};
		9CED5FDF25AF71A3000B2796 /* Controller */ = {
			isa = PBXGroup;
			children = (
				9CED601F25AF7B09000B2796 /* CurrencyRatesViewController.swift */,
			);
			path = Controller;
			sourceTree = "<group>";
		};
		9CED5FE025AF71A9000B2796 /* View */ = {
			isa = PBXGroup;
			children = (
				9CED602225AF7B16000B2796 /* CurrencyRatesSB.storyboard */,
			);
			path = View;
			sourceTree = "<group>";
		};
		9CED5FE125AF71AD000B2796 /* Model */ = {
			isa = PBXGroup;
			children = (
				9CED602625AF7BDD000B2796 /* CurrencyRatesResponse.swift */,
				9CED602A25AF7F16000B2796 /* Rate.swift */,
			);
			path = Model;
			sourceTree = "<group>";
		};
		9CED5FE225AF71B3000B2796 /* EndPoint */ = {
			isa = PBXGroup;
			children = (
				9C4FAAFB25AF6DEA00753948 /* FixerEndPoint */,
			);
			path = EndPoint;
			sourceTree = "<group>";
		};
/* End PBXGroup section */

/* Begin PBXNativeTarget section */
		9C4FAAA625AF5FEA00753948 /* Currency Converter */ = {
			isa = PBXNativeTarget;
			buildConfigurationList = 9C4FAABB25AF5FED00753948 /* Build configuration list for PBXNativeTarget "Currency Converter" */;
			buildPhases = (
				9C4FAAA325AF5FEA00753948 /* Sources */,
				9C4FAAA425AF5FEA00753948 /* Frameworks */,
				9C4FAAA525AF5FEA00753948 /* Resources */,
			);
			buildRules = (
			);
			dependencies = (
			);
			name = "Currency Converter";
			productName = "Currency Converter";
			productReference = 9C4FAAA725AF5FEA00753948 /* Currency Converter.app */;
			productType = "com.apple.product-type.application";
		};
/* End PBXNativeTarget section */

/* Begin PBXProject section */
		9C4FAA9F25AF5FEA00753948 /* Project object */ = {
			isa = PBXProject;
			attributes = {
				LastSwiftUpdateCheck = 1220;
				LastUpgradeCheck = 1220;
				TargetAttributes = {
					9C4FAAA625AF5FEA00753948 = {
						CreatedOnToolsVersion = 12.2;
					};
				};
			};
			buildConfigurationList = 9C4FAAA225AF5FEA00753948 /* Build configuration list for PBXProject "Currency Converter" */;
			compatibilityVersion = "Xcode 9.3";
			developmentRegion = en;
			hasScannedForEncodings = 0;
			knownRegions = (
				en,
				Base,
			);
			mainGroup = 9C4FAA9E25AF5FEA00753948;
			productRefGroup = 9C4FAAA825AF5FEA00753948 /* Products */;
			projectDirPath = "";
			projectRoot = "";
			targets = (
				9C4FAAA625AF5FEA00753948 /* Currency Converter */,
			);
		};
/* End PBXProject section */

/* Begin PBXResourcesBuildPhase section */
		9C4FAAA525AF5FEA00753948 /* Resources */ = {
			isa = PBXResourcesBuildPhase;
			buildActionMask = 2147483647;
			files = (
				9C4FAAB725AF5FED00753948 /* LaunchScreen.storyboard in Resources */,
				9C4FAAB425AF5FED00753948 /* Assets.xcassets in Resources */,
				9CED602325AF7B16000B2796 /* CurrencyRatesSB.storyboard in Resources */,
				9C4FAAE725AF607C00753948 /* README.md in Resources */,
			);
			runOnlyForDeploymentPostprocessing = 0;
		};
/* End PBXResourcesBuildPhase section */

/* Begin PBXSourcesBuildPhase section */
		9C4FAAA325AF5FEA00753948 /* Sources */ = {
			isa = PBXSourcesBuildPhase;
			buildActionMask = 2147483647;
			files = (
				9C4FAAEB25AF62AC00753948 /* Fixer.swift in Sources */,
				9CED602025AF7B09000B2796 /* CurrencyRatesViewController.swift in Sources */,
				9CED602B25AF7F16000B2796 /* Rate.swift in Sources */,
				9CED602725AF7BDD000B2796 /* CurrencyRatesResponse.swift in Sources */,
				9C4FAAFD25AF6DF600753948 /* FixerEndPoint.swift in Sources */,
				9C4FAB0225AF701E00753948 /* RequestManager.swift in Sources */,
				9C4FAAAB25AF5FEA00753948 /* AppDelegate.swift in Sources */,
				9C4FAAAD25AF5FEA00753948 /* SceneDelegate.swift in Sources */,
				9C4FAAF025AF65F000753948 /* Endpoint.swift in Sources */,
			);
			runOnlyForDeploymentPostprocessing = 0;
		};
/* End PBXSourcesBuildPhase section */

/* Begin PBXVariantGroup section */
		9C4FAAB525AF5FED00753948 /* LaunchScreen.storyboard */ = {
			isa = PBXVariantGroup;
			children = (
				9C4FAAB625AF5FED00753948 /* Base */,
			);
			name = LaunchScreen.storyboard;
			sourceTree = "<group>";
		};
/* End PBXVariantGroup section */

/* Begin XCBuildConfiguration section */
		9C4FAAB925AF5FED00753948 /* Debug */ = {
			isa = XCBuildConfiguration;
			buildSettings = {
				ALWAYS_SEARCH_USER_PATHS = NO;
				CLANG_ANALYZER_NONNULL = YES;
				CLANG_ANALYZER_NUMBER_OBJECT_CONVERSION = YES_AGGRESSIVE;
				CLANG_CXX_LANGUAGE_STANDARD = "gnu++14";
				CLANG_CXX_LIBRARY = "libc++";
				CLANG_ENABLE_MODULES = YES;
				CLANG_ENABLE_OBJC_ARC = YES;
				CLANG_ENABLE_OBJC_WEAK = YES;
				CLANG_WARN_BLOCK_CAPTURE_AUTORELEASING = YES;
				CLANG_WARN_BOOL_CONVERSION = YES;
				CLANG_WARN_COMMA = YES;
				CLANG_WARN_CONSTANT_CONVERSION = YES;
				CLANG_WARN_DEPRECATED_OBJC_IMPLEMENTATIONS = YES;
				CLANG_WARN_DIRECT_OBJC_ISA_USAGE = YES_ERROR;
				CLANG_WARN_DOCUMENTATION_COMMENTS = YES;
				CLANG_WARN_EMPTY_BODY = YES;
				CLANG_WARN_ENUM_CONVERSION = YES;
				CLANG_WARN_INFINITE_RECURSION = YES;
				CLANG_WARN_INT_CONVERSION = YES;
				CLANG_WARN_NON_LITERAL_NULL_CONVERSION = YES;
				CLANG_WARN_OBJC_IMPLICIT_RETAIN_SELF = YES;
				CLANG_WARN_OBJC_LITERAL_CONVERSION = YES;
				CLANG_WARN_OBJC_ROOT_CLASS = YES_ERROR;
				CLANG_WARN_QUOTED_INCLUDE_IN_FRAMEWORK_HEADER = YES;
				CLANG_WARN_RANGE_LOOP_ANALYSIS = YES;
				CLANG_WARN_STRICT_PROTOTYPES = YES;
				CLANG_WARN_SUSPICIOUS_MOVE = YES;
				CLANG_WARN_UNGUARDED_AVAILABILITY = YES_AGGRESSIVE;
				CLANG_WARN_UNREACHABLE_CODE = YES;
				CLANG_WARN__DUPLICATE_METHOD_MATCH = YES;
				COPY_PHASE_STRIP = NO;
				DEBUG_INFORMATION_FORMAT = dwarf;
				ENABLE_STRICT_OBJC_MSGSEND = YES;
				ENABLE_TESTABILITY = YES;
				GCC_C_LANGUAGE_STANDARD = gnu11;
				GCC_DYNAMIC_NO_PIC = NO;
				GCC_NO_COMMON_BLOCKS = YES;
				GCC_OPTIMIZATION_LEVEL = 0;
				GCC_PREPROCESSOR_DEFINITIONS = (
					"DEBUG=1",
					"$(inherited)",
				);
				GCC_WARN_64_TO_32_BIT_CONVERSION = YES;
				GCC_WARN_ABOUT_RETURN_TYPE = YES_ERROR;
				GCC_WARN_UNDECLARED_SELECTOR = YES;
				GCC_WARN_UNINITIALIZED_AUTOS = YES_AGGRESSIVE;
				GCC_WARN_UNUSED_FUNCTION = YES;
				GCC_WARN_UNUSED_VARIABLE = YES;
				IPHONEOS_DEPLOYMENT_TARGET = 14.2;
				MTL_ENABLE_DEBUG_INFO = INCLUDE_SOURCE;
				MTL_FAST_MATH = YES;
				ONLY_ACTIVE_ARCH = YES;
				SDKROOT = iphoneos;
				SWIFT_ACTIVE_COMPILATION_CONDITIONS = DEBUG;
				SWIFT_OPTIMIZATION_LEVEL = "-Onone";
			};
			name = Debug;
		};
		9C4FAABA25AF5FED00753948 /* Release */ = {
			isa = XCBuildConfiguration;
			buildSettings = {
				ALWAYS_SEARCH_USER_PATHS = NO;
				CLANG_ANALYZER_NONNULL = YES;
				CLANG_ANALYZER_NUMBER_OBJECT_CONVERSION = YES_AGGRESSIVE;
				CLANG_CXX_LANGUAGE_STANDARD = "gnu++14";
				CLANG_CXX_LIBRARY = "libc++";
				CLANG_ENABLE_MODULES = YES;
				CLANG_ENABLE_OBJC_ARC = YES;
				CLANG_ENABLE_OBJC_WEAK = YES;
				CLANG_WARN_BLOCK_CAPTURE_AUTORELEASING = YES;
				CLANG_WARN_BOOL_CONVERSION = YES;
				CLANG_WARN_COMMA = YES;
				CLANG_WARN_CONSTANT_CONVERSION = YES;
				CLANG_WARN_DEPRECATED_OBJC_IMPLEMENTATIONS = YES;
				CLANG_WARN_DIRECT_OBJC_ISA_USAGE = YES_ERROR;
				CLANG_WARN_DOCUMENTATION_COMMENTS = YES;
				CLANG_WARN_EMPTY_BODY = YES;
				CLANG_WARN_ENUM_CONVERSION = YES;
				CLANG_WARN_INFINITE_RECURSION = YES;
				CLANG_WARN_INT_CONVERSION = YES;
				CLANG_WARN_NON_LITERAL_NULL_CONVERSION = YES;
				CLANG_WARN_OBJC_IMPLICIT_RETAIN_SELF = YES;
				CLANG_WARN_OBJC_LITERAL_CONVERSION = YES;
				CLANG_WARN_OBJC_ROOT_CLASS = YES_ERROR;
				CLANG_WARN_QUOTED_INCLUDE_IN_FRAMEWORK_HEADER = YES;
				CLANG_WARN_RANGE_LOOP_ANALYSIS = YES;
				CLANG_WARN_STRICT_PROTOTYPES = YES;
				CLANG_WARN_SUSPICIOUS_MOVE = YES;
				CLANG_WARN_UNGUARDED_AVAILABILITY = YES_AGGRESSIVE;
				CLANG_WARN_UNREACHABLE_CODE = YES;
				CLANG_WARN__DUPLICATE_METHOD_MATCH = YES;
				COPY_PHASE_STRIP = NO;
				DEBUG_INFORMATION_FORMAT = "dwarf-with-dsym";
				ENABLE_NS_ASSERTIONS = NO;
				ENABLE_STRICT_OBJC_MSGSEND = YES;
				GCC_C_LANGUAGE_STANDARD = gnu11;
				GCC_NO_COMMON_BLOCKS = YES;
				GCC_WARN_64_TO_32_BIT_CONVERSION = YES;
				GCC_WARN_ABOUT_RETURN_TYPE = YES_ERROR;
				GCC_WARN_UNDECLARED_SELECTOR = YES;
				GCC_WARN_UNINITIALIZED_AUTOS = YES_AGGRESSIVE;
				GCC_WARN_UNUSED_FUNCTION = YES;
				GCC_WARN_UNUSED_VARIABLE = YES;
				IPHONEOS_DEPLOYMENT_TARGET = 14.2;
				MTL_ENABLE_DEBUG_INFO = NO;
				MTL_FAST_MATH = YES;
				SDKROOT = iphoneos;
				SWIFT_COMPILATION_MODE = wholemodule;
				SWIFT_OPTIMIZATION_LEVEL = "-O";
				VALIDATE_PRODUCT = YES;
			};
			name = Release;
		};
		9C4FAABC25AF5FED00753948 /* Debug */ = {
			isa = XCBuildConfiguration;
			buildSettings = {
				ASSETCATALOG_COMPILER_APPICON_NAME = AppIcon;
				ASSETCATALOG_COMPILER_GLOBAL_ACCENT_COLOR_NAME = AccentColor;
				CODE_SIGN_STYLE = Automatic;
				DEVELOPMENT_TEAM = 8V78H7WRYL;
				INFOPLIST_FILE = "Currency Converter/Info.plist";
				LD_RUNPATH_SEARCH_PATHS = (
					"$(inherited)",
					"@executable_path/Frameworks",
				);
				PRODUCT_BUNDLE_IDENTIFIER = "com.SWENSON-HE.Currency-Converter.Currency-Converter";
				PRODUCT_NAME = "$(TARGET_NAME)";
				SWIFT_VERSION = 5.0;
				TARGETED_DEVICE_FAMILY = "1,2";
			};
			name = Debug;
		};
		9C4FAABD25AF5FED00753948 /* Release */ = {
			isa = XCBuildConfiguration;
			buildSettings = {
				ASSETCATALOG_COMPILER_APPICON_NAME = AppIcon;
				ASSETCATALOG_COMPILER_GLOBAL_ACCENT_COLOR_NAME = AccentColor;
				CODE_SIGN_STYLE = Automatic;
				DEVELOPMENT_TEAM = 8V78H7WRYL;
				INFOPLIST_FILE = "Currency Converter/Info.plist";
				LD_RUNPATH_SEARCH_PATHS = (
					"$(inherited)",
					"@executable_path/Frameworks",
				);
				PRODUCT_BUNDLE_IDENTIFIER = "com.SWENSON-HE.Currency-Converter.Currency-Converter";
				PRODUCT_NAME = "$(TARGET_NAME)";
				SWIFT_VERSION = 5.0;
				TARGETED_DEVICE_FAMILY = "1,2";
			};
			name = Release;
		};
/* End XCBuildConfiguration section */

/* Begin XCConfigurationList section */
		9C4FAAA225AF5FEA00753948 /* Build configuration list for PBXProject "Currency Converter" */ = {
			isa = XCConfigurationList;
			buildConfigurations = (
				9C4FAAB925AF5FED00753948 /* Debug */,
				9C4FAABA25AF5FED00753948 /* Release */,
			);
			defaultConfigurationIsVisible = 0;
			defaultConfigurationName = Release;
		};
		9C4FAABB25AF5FED00753948 /* Build configuration list for PBXNativeTarget "Currency Converter" */ = {
			isa = XCConfigurationList;
			buildConfigurations = (
				9C4FAABC25AF5FED00753948 /* Debug */,
				9C4FAABD25AF5FED00753948 /* Release */,
			);
			defaultConfigurationIsVisible = 0;
			defaultConfigurationName = Release;
		};
/* End XCConfigurationList section */
	};
	rootObject = 9C4FAA9F25AF5FEA00753948 /* Project object */;
}
